
Microsoft Visual Studio Solution File, Format Version 12.00
# Visual Studio Version 17
VisualStudioVersion = 17.6.33723.286
MinimumVisualStudioVersion = 10.0.40219.1
Project("{FAE04EC0-301F-11D3-BF4B-00C04F79EFBC}") = "ConsoleApp1", "ConsoleApp1\ConsoleApp1.csproj", "{E21CAAEE-F47A-445C-B51C-B854103989FE}"
EndProject
Project("{FAE04EC0-301F-11D3-BF4B-00C04F79EFBC}") = "TestProject1", "TestProject1\TestProject1.csproj", "{A3009387-3263-42EB-9468-2F465C1440C9}"
EndProject
Global
	GlobalSection(SolutionConfigurationPlatforms) = preSolution
		Debug|Any CPU = Debug|Any CPU
		Release|Any CPU = Release|Any CPU
	EndGlobalSection
	GlobalSection(ProjectConfigurationPlatforms) = postSolution
		{E21CAAEE-F47A-445C-B51C-B854103989FE}.Debug|Any CPU.ActiveCfg = Debug|Any CPU
		{E21CAAEE-F47A-445C-B51C-B854103989FE}.Debug|Any CPU.Build.0 = Debug|Any CPU
		{E21CAAEE-F47A-445C-B51C-B854103989FE}.Release|Any CPU.ActiveCfg = Release|Any CPU
		{E21CAAEE-F47A-445C-B51C-B854103989FE}.Release|Any CPU.Build.0 = Release|Any CPU
		{A3009387-3263-42EB-9468-2F465C1440C9}.Debug|Any CPU.ActiveCfg = Debug|Any CPU
		{A3009387-3263-42EB-9468-2F465C1440C9}.Debug|Any CPU.Build.0 = Debug|Any CPU
		{A3009387-3263-42EB-9468-2F465C1440C9}.Release|Any CPU.ActiveCfg = Release|Any CPU
		{A3009387-3263-42EB-9468-2F465C1440C9}.Release|Any CPU.Build.0 = Release|Any CPU
	EndGlobalSection
	GlobalSection(SolutionProperties) = preSolution
		HideSolutionNode = FALSE
	EndGlobalSection
	GlobalSection(ExtensibilityGlobals) = postSolution
		SolutionGuid = {8D4BA83F-F866-4B3E-B36E-ABC05B7F76F0}
	EndGlobalSection
EndGlobal
