
Microsoft Visual Studio Solution File, Format Version 12.00
# Visual Studio Version 17
VisualStudioVersion = 17.6.33723.286
MinimumVisualStudioVersion = 10.0.40219.1
Project("{9A19103F-16F7-4668-BE54-9A1E7A4F7556}") = "ConsoleApp1", "ConsoleApp1\ConsoleApp1.csproj", "{5B7865F1-A1F4-4E51-B66D-BB24A927932E}"
EndProject
Project("{FAE04EC0-301F-11D3-BF4B-00C04F79EFBC}") = "TestProject1", "TestProject1\TestProject1.csproj", "{285147DB-9079-4C98-B5C7-52D8E2B9663A}"
EndProject
Global
	GlobalSection(SolutionConfigurationPlatforms) = preSolution
		Debug|Any CPU = Debug|Any CPU
		Release|Any CPU = Release|Any CPU
	EndGlobalSection
	GlobalSection(ProjectConfigurationPlatforms) = postSolution
		{5B7865F1-A1F4-4E51-B66D-BB24A927932E}.Debug|Any CPU.ActiveCfg = Debug|Any CPU
		{5B7865F1-A1F4-4E51-B66D-BB24A927932E}.Debug|Any CPU.Build.0 = Debug|Any CPU
		{5B7865F1-A1F4-4E51-B66D-BB24A927932E}.Release|Any CPU.ActiveCfg = Release|Any CPU
		{5B7865F1-A1F4-4E51-B66D-BB24A927932E}.Release|Any CPU.Build.0 = Release|Any CPU
		{285147DB-9079-4C98-B5C7-52D8E2B9663A}.Debug|Any CPU.ActiveCfg = Debug|Any CPU
		{285147DB-9079-4C98-B5C7-52D8E2B9663A}.Debug|Any CPU.Build.0 = Debug|Any CPU
		{285147DB-9079-4C98-B5C7-52D8E2B9663A}.Release|Any CPU.ActiveCfg = Release|Any CPU
		{285147DB-9079-4C98-B5C7-52D8E2B9663A}.Release|Any CPU.Build.0 = Release|Any CPU
	EndGlobalSection
	GlobalSection(SolutionProperties) = preSolution
		HideSolutionNode = FALSE
	EndGlobalSection
	GlobalSection(ExtensibilityGlobals) = postSolution
		SolutionGuid = {C581B9B3-0C73-45D9-B22B-E5E6B2C2504E}
	EndGlobalSection
EndGlobal
