
Microsoft Visual Studio Solution File, Format Version 12.00
# Visual Studio Version 17
VisualStudioVersion = 17.6.33723.286
MinimumVisualStudioVersion = 10.0.40219.1
Project("{FAE04EC0-301F-11D3-BF4B-00C04F79EFBC}") = "tree-fizz-buzz", "tree-fizz-buzz\tree-fizz-buzz.csproj", "{B9279355-0F65-4924-830B-4BE750B133E6}"
EndProject
Global
	GlobalSection(SolutionConfigurationPlatforms) = preSolution
		Debug|Any CPU = Debug|Any CPU
		Release|Any CPU = Release|Any CPU
	EndGlobalSection
	GlobalSection(ProjectConfigurationPlatforms) = postSolution
		{B9279355-0F65-4924-830B-4BE750B133E6}.Debug|Any CPU.ActiveCfg = Debug|Any CPU
		{B9279355-0F65-4924-830B-4BE750B133E6}.Debug|Any CPU.Build.0 = Debug|Any CPU
		{B9279355-0F65-4924-830B-4BE750B133E6}.Release|Any CPU.ActiveCfg = Release|Any CPU
		{B9279355-0F65-4924-830B-4BE750B133E6}.Release|Any CPU.Build.0 = Release|Any CPU
	EndGlobalSection
	GlobalSection(SolutionProperties) = preSolution
		HideSolutionNode = FALSE
	EndGlobalSection
	GlobalSection(ExtensibilityGlobals) = postSolution
		SolutionGuid = {D790CA79-3198-434B-8FC8-96177BCC406F}
	EndGlobalSection
EndGlobal
